github.com/DATA-DOG/go-sqlmock v1.5.1 h1:FK6RCIUSfmbnI/imIICmboyQBkOckutaa6R5YYlLZyo=
github.com/DATA-DOG/go-sqlmock v1.5.1/go.mod h1:88MAG/4G7SMwSE3CeA0ZKzrT5CiOU3OJ+JlNzwDqpNU=
github.com/DataDog/appsec-internal-go v1.7.0 h1:iKRNLih83dJeVya3IoUfK+6HLD/hQsIbyBlfvLmAeb0=
github.com/DataDog/appsec-internal-go v1.7.0/go.mod h1:wW0cRfWBo4C044jHGwYiyh5moQV2x0AhnwqMuiX7O/g=
github.com/DataDog/datadog-agent/pkg/obfuscate v0.59.0-devel.0.20240913161137-39cd38632c79 h1:tr2QPP19LOHzhmX5lzRDCAhm59PAPPiPZISpMoR4drg=
github.com/DataDog/datadog-agent/pkg/obfuscate v0.59.0-devel.0.20240913161137-39cd38632c79/go.mod h1:MfDvphBMmEMwE3a30h27AtPO7OzmvdoVTiGY1alEmo4=
github.com/DataDog/datadog-agent/pkg/remoteconfig/state v0.59.0-devel.0.20240914012957-10d974e4d276 h1:yXasnUODo93wQo3rQGyQSx480jEiZcDZoBzykIISkcA=
github.com/DataDog/datadog-agent/pkg/remoteconfig/state v0.59.0-devel.0.20240914012957-10d974e4d276/go.mod h1:jN5BsZI+VilHJV1Wac/efGxS4TPtXa1Lh9SiUyv93F4=
github.com/DataDog/datadog-go/v5 v5.5.1-0.20240822164813-20af2dbfabbb h1:DaT2jGiy3p75nI2ih5Q2FRnIn5CuLawu3C2B7TzW0JY=
github.com/DataDog/datadog-go/v5 v5.5.1-0.20240822164813-20af2dbfabbb/go.mod h1:K9kcYBlxkcPP8tvvjZZKs/m1edNAUFzBbdpTUKfCsuw=
github.com/DataDog/go-libddwaf/v3 v3.4.0 h1:NJ2W2vhYaOm1OWr1LJCbdgp7ezG/XLJcQKBmjFwhSuM=
github.com/DataDog/go-libddwaf/v3 v3.4.0/go.mod h1:n98d9nZ1gzenRSk53wz8l6d34ikxS+hs62A31Fqmyi4=
github.com/DataDog/go-sqllexer v0.0.15-0.20240906194926-cbc90c6bc0a4 h1:2nppNsGBFvBxIfY91fUZrQzguZIQSeOmfiiJpq7kR2g=
github.com/DataDog/go-sqllexer v0.0.15-0.20240906194926-cbc90c6bc0a4/go.mod h1:KwkYhpFEVIq+BfobkTC1vfqm4gTi65skV/DpDBXtexc=
github.com/DataDog/go-tuf v1.1.0-0.5.2 h1:4CagiIekonLSfL8GMHRHcHudo1fQnxELS9g4tiAupQ4=
github.com/DataDog/go-tuf v1.1.0-0.5.2/go.mod h1:zBcq6f654iVqmkk8n2Cx81E1JnNTMOAx1UEO/wZR+P0=
github.com/DataDog/gostackparse v0.7.0 h1:i7dLkXHvYzHV308hnkvVGDL3BR4FWl7IsXNPz/IGQh4=
github.com/DataDog/gostackparse v0.7.0/go.mod h1:lTfqcJKqS9KnXQGnyQMCugq3u1FP6UZMfWR0aitKFMM=
github.com/DataDog/sketches-go v1.4.7-0.20240802104016-7546f8f95179 h1:uAYDmEa/+Eh1bhawFny+87hGnDNAAem/MW5vfIpNnsI=
github.com/DataDog/sketches-go v1.4.7-0.20240802104016-7546f8f95179/go.mod h1:7Y8GN8Jf66DLyDhc94zuWA3uHEt/7ttt8jHOBWWrSOg=
github.com/Microsoft/go-winio v0.5.0/go.mod h1:JPGBdM1cNvN/6ISo+n8V5iA4v8pBzdOpzfwIujj1a84=
github.com/Microsoft/go-winio v0.6.1 h1:9/kr64B9VUZrLm5YYwbGtUJnMgqWVOdUAXu6Migciow=
github.com/Microsoft/go-winio v0.6.1/go.mod h1:LRdKpFKfdobln8UmuiYcKPot9D2v6svN5+sAH+4kjUM=
github.com/andybalholm/brotli v1.1.1-0.20240729165604-57434b509141 h1:h/x2zqfLIkb5rZyZ7iTIQpIzFbwgT6lh5PlZEzKfivM=
github.com/andybalholm/brotli v1.1.1-0.20240729165604-57434b509141/go.mod h1:05ib4cKhjx3OQYUY22hTVd34Bc8upXjOLL2rKwwZBoA=
github.com/aws/aws-lambda-go v1.46.1-0.20240416201810-90a3af70ddf8 h1:h4YIgAIMIKP9m4JtJ29VPeeXivcXfL8yIv3N4D9CD8g=
github.com/aws/aws-lambda-go v1.46.1-0.20240416201810-90a3af70ddf8/go.mod h1:dpMpZgvWx5vuQJfBt0zqBha60q7Dd7RfgJv23DymV8A=
github.com/aws/aws-sdk-go v1.55.6-0.20240912145455-7112c0a0c2d0 h1:LQE05K45JVWWcazZNXB0ZKyZA16JlcrAR2cS6gtHHRk=
github.com/aws/aws-sdk-go v1.55.6-0.20240912145455-7112c0a0c2d0/go.mod h1:eRwEWoyTWFMVYVQzKMNHWP5/RV4xIUGMQfXQHfHkpNU=
github.com/aws/aws-sdk-go-v2 v1.30.6-0.20240913182458-171151bb0fd1 h1:0ahtm6LR5TOak/cJHh9TciENX6KKRH7EgY7AdQOnXDc=
github.com/aws/aws-sdk-go-v2 v1.30.6-0.20240913182458-171151bb0fd1/go.mod h1:CT+ZPWXbYrci8chcARI3OmI/qgd+f6WtuLOoaIA8PR0=
github.com/aws/aws-sdk-go-v2/config v1.27.34-0.20240913182458-171151bb0fd1 h1:EGHfwwqqEZk956srf9sHx19PfdXrao3Cd8AYKWldrbo=
github.com/aws/aws-sdk-go-v2/config v1.27.34-0.20240913182458-171151bb0fd1/go.mod h1:kEqdYzRb8dd8Sy2pOdEbExTTF5v7ozEXX0McgPE7xks=
github.com/aws/aws-sdk-go-v2/credentials v1.17.33-0.20240912182535-1b644bfdcae8 h1:wnQG1l8uo1ppi7hd3wj5dY0vgLi0HCC9hwfbAP0pdLg=
github.com/aws/aws-sdk-go-v2/credentials v1.17.33-0.20240912182535-1b644bfdcae8/go.mod h1:P5/QMF3/DCHbXGEGkdbilXHsyTBX5D3HSwcrSc9p20I=
github.com/aws/aws-sdk-go-v2/feature/ec2/imds v1.16.14-0.20240913182458-171151bb0fd1 h1:4FaLrhbVUoVRnclLMe9eQ6JIocI4d6MSyxOQzsPNCGE=
github.com/aws/aws-sdk-go-v2/feature/ec2/imds v1.16.14-0.20240913182458-171151bb0fd1/go.mod h1:NG7RXPUlqfsCLLFfi0+IpKN4sCB9D9fw/qTaSB+xRoU=
github.com/aws/aws-sdk-go-v2/internal/configsources v1.3.18-0.20240913182458-171151bb0fd1 h1:DWAyX169GPQ1utpq4KKun5v+zzEIztWD5weVCNOnP+U=
github.com/aws/aws-sdk-go-v2/internal/configsources v1.3.18-0.20240913182458-171151bb0fd1/go.mod h1:Dh5zzJYMtxfIjYW+/evjQ8uj2OyR/ve2KROHGHlSFqE=
github.com/aws/aws-sdk-go-v2/internal/endpoints/v2 v2.6.18-0.20240913182458-171151bb0fd1 h1:pNQyxOJHVJP2H5Sz7RNUlNjbFGdNiU91VDTmA4jo6UM=
github.com/aws/aws-sdk-go-v2/internal/endpoints/v2 v2.6.18-0.20240913182458-171151bb0fd1/go.mod h1:aLJpZlCmjE+V+KtN1q1uyZkfnUWpQGpbsn89XPKyzfU=
github.com/aws/aws-sdk-go-v2/internal/ini v1.8.2-0.20240913182458-171151bb0fd1 h1:UQz1AAOst0WG2TmsDi94w7YNs/s24Fcba1G437LOL00=
github.com/aws/aws-sdk-go-v2/internal/ini v1.8.2-0.20240913182458-171151bb0fd1/go.mod h1:FbtygfRFze9usAadmnGJNc8KsP346kEe+y2/oyhGAGc=
github.com/aws/aws-sdk-go-v2/service/internal/accept-encoding v1.11.5-0.20240913182458-171151bb0fd1 h1:atahlKcpUlhSBvfMm/SJQrMVRGlXxi12iO90M0MlQtU=
github.com/aws/aws-sdk-go-v2/service/internal/accept-encoding v1.11.5-0.20240913182458-171151bb0fd1/go.mod h1:Vz1JQXliGcQktFTN/LN6uGppAIRoLBR2bMvIMP0gOjc=
github.com/aws/aws-sdk-go-v2/service/internal/presigned-url v1.11.20-0.20240913182458-171151bb0fd1 h1:d0Bc/og5KwaMv895xe3xbPEX/XUNx4HS3c4ZVi/fjpA=
github.com/aws/aws-sdk-go-v2/service/internal/presigned-url v1.11.20-0.20240913182458-171151bb0fd1/go.mod h1:SCWkEdRq8/7EK60NcvvQ6NXKuTcchAD4ROAsC37VEZE=
github.com/aws/aws-sdk-go-v2/service/kms v1.35.8-0.20240913182458-171151bb0fd1 h1:UhahmZ9DK40gKJ5KLkfNDAQGGZ3AEtxaUusOBzKc0eM=
github.com/aws/aws-sdk-go-v2/service/kms v1.35.8-0.20240913182458-171151bb0fd1/go.mod h1:K9lwD0Rsx9+NSaJKsdAdlDK4b2G4KKOEve9PzHxPoMI=
github.com/aws/aws-sdk-go-v2/service/sso v1.22.8-0.20240906182417-827d25db0048 h1:pTmcqbL+gw0U4Ge9qwRHAEwKMudj6hz5Bk7UXAPmJ/Q=
github.com/aws/aws-sdk-go-v2/service/sso v1.22.8-0.20240906182417-827d25db0048/go.mod h1:eEygMHnTKH/3kNp9Jr1n3PdejuSNcgwLe1dWgQtO0VQ=
github.com/aws/aws-sdk-go-v2/service/ssooidc v1.26.8-0.20240913182458-171151bb0fd1 h1:T2FE9ju5tPKKasVpyZ3gyawxf+YNPd5Bqs/Z26KzPqM=
github.com/aws/aws-sdk-go-v2/service/ssooidc v1.26.8-0.20240913182458-171151bb0fd1/go.mod h1:bCbAxKDqNvkHxRaIMnyVPXPo+OaPRwvmgzMxbz1VKSA=
github.com/aws/aws-sdk-go-v2/service/sts v1.30.8-0.20240913182458-171151bb0fd1 h1:1FBdhnYx54gTTymkKFQ07cjyL72EfNHjinWroM46QBo=
github.com/aws/aws-sdk-go-v2/service/sts v1.30.8-0.20240913182458-171151bb0fd1/go.mod h1:NXi1dIAGteSaRLqYgarlhP/Ij0cFT+qmCwiJqWh/U5o=
github.com/aws/aws-xray-sdk-go v1.8.5-0.20240715031132-eaa92cef11b1 h1:yCgFK7CVHftlbz5g0Tusv6g5dQfIZcrhaNJNAKaN93k=
github.com/aws/aws-xray-sdk-go v1.8.5-0.20240715031132-eaa92cef11b1/go.mod h1:KASbV6r2u4bQP6PXPlzKh0FslgLxgTYDRY1LWXiU7Fo=
github.com/aws/smithy-go v1.20.4 h1:2HK1zBdPgRbjFOHlfeQZfpC4r72MOb9bZkiFwggKO+4=
github.com/aws/smithy-go v1.20.4/go.mod h1:irrKGvNn1InZwb2d7fkIRNucdfwR8R+Ts3wxYa/cJHg=
github.com/cenkalti/backoff/v4 v4.2.1 h1:y4OZtCnogmCPw98Zjyt5a6+QwPLGkiQsYW5oUqylYbM=
github.com/cenkalti/backoff/v4 v4.2.1/go.mod h1:Y3VNntkOUPxTVeUxJ/G5vcM//AlwfmyYozVcomhLiZE=
github.com/cespare/xxhash/v2 v2.1.1/go.mod h1:VGX0DQ3Q6kWi7AoAeZDth3/j3BFtOZR5XLFGgcrjCOs=
github.com/cespare/xxhash/v2 v2.3.0 h1:UL815xU9SqsFlibzuggzjXhog7bL6oX9BbNZnL2UFvs=
github.com/cespare/xxhash/v2 v2.3.0/go.mod h1:VGX0DQ3Q6kWi7AoAeZDth3/j3BFtOZR5XLFGgcrjCOs=
github.com/davecgh/go-spew v1.1.0/go.mod h1:J7Y8YcW2NihsgmVo/mv3lAwl/skON4iLHjSsI+c5H38=
github.com/davecgh/go-spew v1.1.1/go.mod h1:J7Y8YcW2NihsgmVo/mv3lAwl/skON4iLHjSsI+c5H38=
github.com/davecgh/go-spew v1.1.2-0.20180830191138-d8f796af33cc h1:U9qPSI2PIWSS1VwoXQT9A3Wy9MM3WgvqSxFWenqJduM=
github.com/davecgh/go-spew v1.1.2-0.20180830191138-d8f796af33cc/go.mod h1:J7Y8YcW2NihsgmVo/mv3lAwl/skON4iLHjSsI+c5H38=
github.com/dgryski/go-farm v0.0.0-20190423205320-6a90982ecee2 h1:tdlZCpZ/P9DhczCTSixgIKmwPv6+wP5DGjqLYw5SUiA=
github.com/dgryski/go-farm v0.0.0-20190423205320-6a90982ecee2/go.mod h1:SqUrOPUnsFjfmXRMNPybcSiG0BgUW2AuFH8PAnS2iTw=
github.com/dustin/go-humanize v1.0.0/go.mod h1:HtrtbFcZ19U5GC7JDqmcUSB87Iq5E25KnS6fMYU6eOk=
github.com/dustin/go-humanize v1.0.1 h1:GzkhY7T5VNhEkwH0PVJgjz+fX1rhBrR7pRT3mDkpeCY=
github.com/dustin/go-humanize v1.0.1/go.mod h1:Mu1zIs6XwVuF/gI1OepvI0qD18qycQx+mFykh5fBlto=
github.com/eapache/queue v1.1.0 h1:YOEu7KNc61ntiQlcEeUIoDTJ2o8mQznoNvUhiigpIqc=
github.com/eapache/queue/v2 v2.0.0-20230407133247-75960ed334e4 h1:8EXxF+tCLqaVk8AOC29zl2mnhQjwyLxxOTuhUazWRsg=
github.com/eapache/queue/v2 v2.0.0-20230407133247-75960ed334e4/go.mod h1:I5sHm0Y0T1u5YjlyqC5GVArM7aNZRUYtTjmJ8mPJFds=
github.com/ebitengine/purego v0.8.0-alpha.5.0.20240903150804-6580f25cf0bb h1:SqBDGH1DWD0SCxDV9o4HLlnSXdphdAv0wagAubm85Hc=
github.com/ebitengine/purego v0.8.0-alpha.5.0.20240903150804-6580f25cf0bb/go.mod h1:iIjxzd6CiRiOG0UyXP+V1+jWqUXVjPKLAI0mRfJZTmQ=
github.com/felixge/httpsnoop v1.0.3 h1:s/nj+GCswXYzN5v2DpNMuMQYe+0DDwt5WVCU6CWBdXk=
github.com/felixge/httpsnoop v1.0.3/go.mod h1:m8KPJKqk1gH5J9DgRY2ASl2lWCfGKXixSwevea8zH2U=
github.com/go-logr/logr v1.2.2/go.mod h1:jdQByPbusPIv2/zmleS9BjJVeZ6kBagPoEUsqbVz/1A=
github.com/go-logr/logr v1.4.3-0.20240902060449-275154abd02f h1:gY/VmG+0Phc6SnePwpbCsj4GvEZqTIaYbbMVeuNLqy8=
github.com/go-logr/logr v1.4.3-0.20240902060449-275154abd02f/go.mod h1:9T104GzyrTigFIr8wt5mBrctHMim0Nb2HLGrmQ40KvY=
github.com/go-logr/stdr v1.2.3-0.20220714215701-1fa2ed3fdf83 h1:un8KAbiQ/Fo8WSQI3sEettWeYht9BoGWCHH7/wul24E=
github.com/go-logr/stdr v1.2.3-0.20220714215701-1fa2ed3fdf83/go.mod h1:mMo/vtBO5dYbehREoey6XUKy/eSumjCCveDpRre4VKE=
github.com/golang/mock v1.6.0/go.mod h1:p6yTPP+5HYm5mzsMV8JkE6ZKdX+/wYM6Hr+LicevLPs=
github.com/google/go-cmp v0.6.0 h1:ofyhxvXcZhMsU5ulbFiLKl/XBFqE1GSq7atu8tAmTRI=
github.com/google/go-cmp v0.6.0/go.mod h1:17dUlkBOakJ0+DkrSSNjCkIjxS6bF9zb3elmeNGIjoY=
github.com/google/gofuzz v1.2.0 h1:xRy4A+RhZaiKjJ1bPfwQ8sedCA+YS2YcCHW6ec7JMi0=
github.com/google/gofuzz v1.2.0/go.mod h1:dBl0BpW6vV/+mYPU4Po3pmUjxk6FQPldtuIdl/M65Eg=
github.com/google/pprof v0.0.0-20230817174616-7a8ec2ada47b h1:h9U78+dx9a4BKdQkBBos92HalKpaGKHrp+3Uo6yTodo=
github.com/google/pprof v0.0.0-20230817174616-7a8ec2ada47b/go.mod h1:czg5+yv1E0ZGTi6S6vVK1mke0fV+FaUhNGcd6VRS9Ik=
github.com/google/uuid v1.6.1-0.20240806143717-0e97ed3b5379 h1:9pvPp/2VCtCB2xdSUCaKe1VKCzVHMR+GGgIAVLfQxIs=
github.com/google/uuid v1.6.1-0.20240806143717-0e97ed3b5379/go.mod h1:TIyPZe4MgqvfeYDBFedMoGGpEw/LqOeaOT+nhxU+yHo=
github.com/grpc-ecosystem/go-grpc-middleware/v2 v2.1.0 h1:pRhl55Yx1eC7BZ1N+BBWwnKaMyD8uC+34TLdndZMAKk=
github.com/grpc-ecosystem/go-grpc-middleware/v2 v2.1.0/go.mod h1:XKMd7iuf/RGPSMJ/U4HP0zS2Z9Fh8Ps9a+6X26m/tmI=
github.com/hashicorp/go-secure-stdlib/parseutil v0.1.9-0.20240903214937-914d7625fe0f h1:2h7VDDFGlp6OK+KKWx3A0SqUVO+0c9uOJhBOxuLG7u4=
github.com/hashicorp/go-secure-stdlib/parseutil v0.1.9-0.20240903214937-914d7625fe0f/go.mod h1:Ll013mhdmsVDuoIXVfBtvgGJsXDYkTw1kooNcoCXuE0=
github.com/hashicorp/go-secure-stdlib/strutil v0.1.3-0.20240903214937-914d7625fe0f h1:1WUq5PYYECD0VnOC3d/ysVVTas42si75PhbBbLQCrg4=
github.com/hashicorp/go-secure-stdlib/strutil v0.1.3-0.20240903214937-914d7625fe0f/go.mod h1:Gou2R9+il93BqX25LAKCLuM+y9U2T4hlwvT1yprcna4=
github.com/hashicorp/go-sockaddr v1.0.7-0.20240718200401-8187f9b97d0d h1:B756QqCnYpbHQAmSFdOVslXP7w8QVNycFdaqTgbtvHQ=
github.com/hashicorp/go-sockaddr v1.0.7-0.20240718200401-8187f9b97d0d/go.mod h1:uoUUmtwU7n9Dv3O4SNLeFvg0SxQ3lyjsj6+CCykpaxI=
github.com/jmespath/go-jmespath v0.4.0 h1:BEgLn5cpjn8UN1mAw4NjwDrS35OdebyEtFe+9YPoQUg=
github.com/jmespath/go-jmespath v0.4.0/go.mod h1:T8mJZnbsbmF+m6zOOFylbeCJqk5+pHWvzYPziyZiYoo=
github.com/jmespath/go-jmespath/internal/testify v1.5.1 h1:shLQSRRSCCPj3f2gpwzGwWFoC7ycTf1rcQZHOlsJ6N8=
github.com/jmespath/go-jmespath/internal/testify v1.5.1/go.mod h1:L3OGu8Wl2/fWfCI6z80xFu9LTZmf1ZRjMHUOPmWr69U=
github.com/kballard/go-shellquote v0.0.0-20180428030007-95032a82bc51 h1:Z9n2FFNUXsshfwJMBgNA0RU6/i7WVaAegv3PtuIHPMs=
github.com/kballard/go-shellquote v0.0.0-20180428030007-95032a82bc51/go.mod h1:CzGEWj7cYgsdH8dAjBGEr58BoE7ScuLd+fwFZ44+/x8=
github.com/klauspost/compress v1.17.9 h1:6KIumPrER1LHsvBVuDa0r5xaG0Es51mhhB9BQB2qeMA=
github.com/klauspost/compress v1.17.9/go.mod h1:Di0epgTjJY877eYKx5yC51cX2A2Vl2ibi7bDH9ttBbw=
github.com/kr/pretty v0.2.1 h1:Fmg33tUaq4/8ym9TJN1x7sLJnHVwhP33CNkpYV/7rwI=
github.com/kr/pretty v0.2.1/go.mod h1:ipq/a2n7PKx3OHsz4KJII5eveXtPO4qwEXGdVfWzfnI=
github.com/kr/text v0.2.0 h1:5Nx0Ya0ZqY2ygV366QzturHI13Jq95ApcVaJBhpS+AY=
github.com/kr/text v0.2.0/go.mod h1:eLer722TekiGuMkidMxC/pM04lWEeraHUUmBw8l2grE=
github.com/mattn/go-isatty v0.0.20 h1:xfD0iDuEKnDkl03q4limB+vH+GxLEtL/jb4xVJSWWEY=
github.com/mattn/go-isatty v0.0.20/go.mod h1:W+V8PltTTMOvKvAeJH7IuucS94S2C6jfK/D7dTCTo3Y=
github.com/mitchellh/mapstructure v1.5.1-0.20230418172516-63cde0dfe248 h1:VARjtM7u2VSIw0MKeMN9ERyfyLPeyXkKwIuc0V9zgoE=
github.com/mitchellh/mapstructure v1.5.1-0.20230418172516-63cde0dfe248/go.mod h1:bFUtVrKA4DC2yAKiSyO/QUcy7e+RRV2QTWOzhPopBRo=
github.com/opentracing/opentracing-go v1.2.0 h1:uEJPy/1a5RIPAJ0Ov+OIO8OxWu77jEv+1B0VhjKrZUs=
github.com/opentracing/opentracing-go v1.2.0/go.mod h1:GxEUsuufX4nBwe+T+Wl9TAgYrxe9dPLANfrWvHYVTgc=
github.com/outcaste-io/ristretto v0.2.3 h1:AK4zt/fJ76kjlYObOeNwh4T3asEuaCmp26pOvUOL9w0=
github.com/outcaste-io/ristretto v0.2.3/go.mod h1:W8HywhmtlopSB1jeMg3JtdIhf+DYkLAr0VN/s4+MHac=
github.com/philhofer/fwd v1.1.3-0.20240612014219-fbbf4953d986 h1:jYi87L8j62qkXzaYHAQAhEapgukhenIMZRBKTNRLHJ4=
github.com/philhofer/fwd v1.1.3-0.20240612014219-fbbf4953d986/go.mod h1:RqIHx9QI14HlwKwm98g9Re5prTQ6LdeRQn+gXJFxsJM=
github.com/pkg/errors v0.9.1/go.mod h1:bwawxfHBFNV+L2hUp1rHADufV3IMtnDRdf1r5NINEl0=
github.com/pkg/errors v0.9.2-0.20201214064552-5dd12d0cfe7f h1:lJqhwddJVYAkyp72a4pwzMClI20xTwL7miDdm2W/KBM=
github.com/pkg/errors v0.9.2-0.20201214064552-5dd12d0cfe7f/go.mod h1:bwawxfHBFNV+L2hUp1rHADufV3IMtnDRdf1r5NINEl0=
github.com/pmezard/go-difflib v1.0.0/go.mod h1:iKH77koFhYxTK1pcRnkKkqfTogsbg7gZNVY4sRDYZ/4=
github.com/pmezard/go-difflib v1.0.1-0.20181226105442-5d4384ee4fb2 h1:Jamvg5psRIccs7FGNTlIRMkT8wgtp5eCXdBlqhYGL6U=
github.com/pmezard/go-difflib v1.0.1-0.20181226105442-5d4384ee4fb2/go.mod h1:iKH77koFhYxTK1pcRnkKkqfTogsbg7gZNVY4sRDYZ/4=
github.com/remyoudompheng/bigfft v0.0.0-20230129092748-24d4a6f8daec h1:W09IVJc94icq4NjY3clb7Lk8O1qJ8BdBEF8z0ibU0rE=
github.com/remyoudompheng/bigfft v0.0.0-20230129092748-24d4a6f8daec/go.mod h1:qqbHyh8v60DhA7CoWK5oRCqLrMHRGoxYCSS9EjAz6Eo=
github.com/richardartoul/molecule v1.0.1-0.20240531184615-7ca0df43c0b3 h1:4+LEVOB87y175cLJC/mbsgKmoDOjrBldtXvioEy96WY=
github.com/richardartoul/molecule v1.0.1-0.20240531184615-7ca0df43c0b3/go.mod h1:vl5+MqJ1nBINuSsUI2mGgH79UweUT/B5Fy8857PqyyI=
github.com/ryanuber/go-glob v1.0.0 h1:iQh3xXAumdQ+4Ufa5b25cRpC5TYKlno6hsv6Cb3pkBk=
github.com/ryanuber/go-glob v1.0.0/go.mod h1:807d1WSdnB0XRJzKNil9Om6lcp/3a0v4qIHxIXzX/Yc=
github.com/secure-systems-lab/go-securesystemslib v0.8.0 h1:mr5An6X45Kb2nddcFlbmfHkLguCE9laoZCUzEEpIZXA=
github.com/secure-systems-lab/go-securesystemslib v0.8.0/go.mod h1:UH2VZVuJfCYR8WgMlCU1uFsOUU+KeyrTWcSS73NBOzU=
github.com/sirupsen/logrus v1.7.0/go.mod h1:yWOB1SBYBC5VeMP7gHvWumXLIWorT60ONWic61uBYv0=
github.com/sony/gobreaker v0.5.0 h1:dRCvqm0P490vZPmy7ppEk2qCnCieBooFJ+YoXGYB+yg=
github.com/sony/gobreaker v0.5.0/go.mod h1:ZKptC7FHNvhBz7dN2LGjPVBz2sZJmc0/PkyDJOjmxWY=
github.com/spaolacci/murmur3 v1.1.0 h1:7c1g84S4BPRrfL5Xrdp6fOJ206sU9y293DDHaoy0bLI=
github.com/spaolacci/murmur3 v1.1.0/go.mod h1:JwIasOWyU6f++ZhiEuf87xNszmSA2myDM2Kzu9HwQUA=
github.com/stretchr/objx v0.1.0/go.mod h1:HFkY916IF+rwdDfMAkV7OtwuqBVzrE8GR6GFx+wExME=
github.com/stretchr/objx v0.4.0/go.mod h1:YvHI0jy2hoMjB+UWwv71VJQ9isScKT/TqJzVSSt89Yw=
github.com/stretchr/objx v0.5.0/go.mod h1:Yh+to48EsGEfYuaHDzXPcE3xhTkx73EhmCGUpEOglKo=
github.com/stretchr/objx v0.5.2 h1:xuMeJ0Sdp5ZMRXx/aWO6RZxdr3beISkG5/G/aIRr3pY=
github.com/stretchr/objx v0.5.2/go.mod h1:FRsXN1f5AsAjCGJKqEizvkpNtU+EGNCLh3NxZ/8L+MA=
github.com/stretchr/testify v1.2.2/go.mod h1:a8OnRcib4nhh0OaRAV+Yts87kKdq0PP7pXfy6kDkUVs=
github.com/stretchr/testify v1.3.0/go.mod h1:M5WIy9Dh21IEIfnGCwXGc5bZfKNJtfHm1UVUgZn+9EI=
github.com/stretchr/testify v1.7.0/go.mod h1:6Fq8oRcR53rry900zMqJjRRixrwX3KX962/h/Wwjteg=
github.com/stretchr/testify v1.7.1/go.mod h1:6Fq8oRcR53rry900zMqJjRRixrwX3KX962/h/Wwjteg=
github.com/stretchr/testify v1.8.0/go.mod h1:yNjHg4UonilssWZ8iaSj1OCr/vHnekPRkoO+kdMU+MU=
github.com/stretchr/testify v1.8.1/go.mod h1:w2LPCIKwWwSfY2zedu0+kehJoqGctiVI29o6fzry7u4=
github.com/stretchr/testify v1.9.1-0.20240613125739-84619f5c3cc3 h1:JhVppb8VXK1/5KErN/XPntLYaqSLOPTPTnL7uHeec7Y=
github.com/stretchr/testify v1.9.1-0.20240613125739-84619f5c3cc3/go.mod h1:r2ic/lqez/lEtzL7wO/rwa5dbSLXVDPFyf8C91i36aY=
github.com/tinylib/msgp v1.2.1 h1:6ypy2qcCznxpP4hpORzhtXyTqrBs7cfM9MCCWY8zsmU=
github.com/tinylib/msgp v1.2.1/go.mod h1:2vIGs3lcUo8izAATNobrCHevYZC/LMsJtw4JPiYPHro=
github.com/valyala/bytebufferpool v1.0.1-0.20201104193830-18533face0df h1:lL/Oy/WWGQJ7cly/i0z/ALOprHiHRI+KjSoZLVmTwp8=
github.com/valyala/bytebufferpool v1.0.1-0.20201104193830-18533face0df/go.mod h1:7zinLbvFO6mTmV5z9I+E31lfEnEQ2a27Om5SPCg99dA=
github.com/valyala/fasthttp v1.55.1-0.20240910180552-65e989e8b8bc h1:R1cwIQzLY3HfNxI+2cvgHUeI319F0CMCfldjQV5nJw0=
github.com/valyala/fasthttp v1.55.1-0.20240910180552-65e989e8b8bc/go.mod h1:sReBt3XZVnudxuLOx4J/fMrJVorWRiWY2koQKgABiVI=
github.com/xyproto/randomstring v1.0.5 h1:YtlWPoRdgMu3NZtP45drfy1GKoojuR7hmRcnhZqKjWU=
github.com/xyproto/randomstring v1.0.5/go.mod h1:rgmS5DeNXLivK7YprL0pY+lTuhNQW3iGxZ18UQApw/E=
github.com/yuin/goldmark v1.3.5/go.mod h1:mwnBkeHKe2W/ZEtQ+71ViKU8L12m81fl3OWwC1Zlc8k=
go.opentelemetry.io/contrib/instrumentation/net/http/otelhttp v0.44.0 h1:KfYpVmrjI7JuToy5k8XV3nkapjWx48k4E4JOtVstzQI=
go.opentelemetry.io/contrib/instrumentation/net/http/otelhttp v0.44.0/go.mod h1:SeQhzAEccGVZVEy7aH87Nh0km+utSpo1pTv6eMMop48=
go.opentelemetry.io/otel v1.30.1-0.20240913071937-80e18a584123 h1:N0qYU04JgVbEAYWwvhldRQldYpfMfctnxMnulioyD2Q=
go.opentelemetry.io/otel v1.30.1-0.20240913071937-80e18a584123/go.mod h1:tFw4Br9b7fOS+uEao81PJjVMjW/5fvNCbpsDIXqP0pc=
go.opentelemetry.io/otel/metric v1.30.1-0.20240913071937-80e18a584123 h1:n/qZBjduTlUL/dVAkq/y7YDEipAbwwZFbCfWhY4Y5b4=
go.opentelemetry.io/otel/metric v1.30.1-0.20240913071937-80e18a584123/go.mod h1:aXTfST94tswhWEb+5QjlSqG+cZlmyXy/u8jFpor3WqQ=
go.opentelemetry.io/otel/trace v1.30.1-0.20240913071937-80e18a584123 h1:gNWpgaCXzefvpNileLpN6kR7dQ9GqHEhKDR89OHwH1o=
go.opentelemetry.io/otel/trace v1.30.1-0.20240913071937-80e18a584123/go.mod h1:5EyKqTzzmyqB9bwtCCq6pDLktPK6fmGf/Dph+8VI02o=
go.uber.org/atomic v1.9.0/go.mod h1:fEN4uk6kAWBTFdckzkM89CLk9XfWZrxpCo0nPH17wJc=
go.uber.org/atomic v1.11.0 h1:ZvwS0R+56ePWxUNi+Atn9dWONBPp/AUETXlHW0DxSjE=
go.uber.org/atomic v1.11.0/go.mod h1:LUxbIzbOniOlMKjJjyPfpl4v+PKK2cNJn91OQbhoJI0=
go.uber.org/goleak v1.3.0 h1:2K3zAYmnTNqV73imy9J1T3WC+gmCePx2hEGkimedGto=
go.uber.org/goleak v1.3.0/go.mod h1:CoHD4mav9JJNrW/WLlf7HGZPjdw8EucARQHekz1X6bE=
golang.org/x/crypto v0.0.0-20190308221718-c2843e01d9a2/go.mod h1:djNgcEr1/C05ACkg1iLfiJU5Ep61QUkGW8qpdssI0+w=
golang.org/x/crypto v0.0.0-20191011191535-87dc89f01550/go.mod h1:yigFU9vqHzYiE8UmvKecakEJjdnWj3jj499lnFckfCI=
golang.org/x/crypto v0.27.0 h1:GXm2NjJrPaiv/h1tb2UH8QfgC/hOf/+z0p6PT8o1w7A=
golang.org/x/crypto v0.27.0/go.mod h1:1Xngt8kV6Dvbssa53Ziq6Eqn0HqbZi5Z6R0ZpwQzt70=
golang.org/x/mod v0.4.2/go.mod h1:s0Qsj1ACt9ePp/hMypM3fl4fZqREWJwdYDEqhRiZZUA=
golang.org/x/mod v0.21.0 h1:vvrHzRwRfVKSiLrG+d4FMl/Qi4ukBCE6kZlTUkDYRT0=
golang.org/x/mod v0.21.0/go.mod h1:6SkKJ3Xj0I0BrPOZoBy3bdMptDDU9oJrpohJ3eWZ1fY=
golang.org/x/net v0.0.0-20190404232315-eb5bcb51f2a3/go.mod h1:t9HGtf8HONx5eT2rtn7q6eTqICYqUVnKs3thJo3Qplg=
golang.org/x/net v0.0.0-20190620200207-3b0461eec859/go.mod h1:z5CRVTTTmAJ677TzLLGU+0bjPO0LkuOLi4/5GtJWs/s=
golang.org/x/net v0.0.0-20210405180319-a5a99cb37ef4/go.mod h1:p54w0d4576C0XHj96bSt6lcn1PtDYWL6XObtHCRCNQM=
golang.org/x/net v0.29.1-0.20240906182658-3c333c0c5288 h1:tRXlf4tZXD2VY8etkkcA9KPztduwmo0NOx4wo70SgdE=
golang.org/x/net v0.29.1-0.20240906182658-3c333c0c5288/go.mod h1:gLkgy8jTGERgjzMic6DS9+SP0ajcu6Xu3Orq/SpETg0=
golang.org/x/sync v0.0.0-20190423024810-112230192c58/go.mod h1:RxMgew5VJxzue5/jJTE5uejpjVlOe/izrB70Jof72aM=
golang.org/x/sync v0.0.0-20210220032951-036812b2e83c/go.mod h1:RxMgew5VJxzue5/jJTE5uejpjVlOe/izrB70Jof72aM=
golang.org/x/sync v0.8.0 h1:3NFvSEYkUoMifnESzZl15y791HH1qU2xm6eCJU5ZPXQ=
golang.org/x/sync v0.8.0/go.mod h1:Czt+wKu1gCyEFDUtn0jG5QVvpJ6rzVqr5aXyt9drQfk=
golang.org/x/sys v0.0.0-20190215142949-d0b11bdaac8a/go.mod h1:STP8DvDyc/dI5b8T5hshtkjS+E42TnysNCUPdjciGhY=
golang.org/x/sys v0.0.0-20190412213103-97732733099d/go.mod h1:h1NjWce9XRLGQEsW7wpKNCjG9DtNlClVuFLEZdDNbEs=
golang.org/x/sys v0.0.0-20191026070338-33540a1f6037/go.mod h1:h1NjWce9XRLGQEsW7wpKNCjG9DtNlClVuFLEZdDNbEs=
golang.org/x/sys v0.0.0-20201119102817-f84b799fce68/go.mod h1:h1NjWce9XRLGQEsW7wpKNCjG9DtNlClVuFLEZdDNbEs=
golang.org/x/sys v0.0.0-20210124154548-22da62e12c0c/go.mod h1:h1NjWce9XRLGQEsW7wpKNCjG9DtNlClVuFLEZdDNbEs=
golang.org/x/sys v0.0.0-20210330210617-4fbd30eecc44/go.mod h1:h1NjWce9XRLGQEsW7wpKNCjG9DtNlClVuFLEZdDNbEs=
golang.org/x/sys v0.0.0-20210510120138-977fb7262007/go.mod h1:oPkhp1MJrh7nUepCBck5+mAzfO9JrbApNNgaTdGDITg=
golang.org/x/sys v0.0.0-20220627191245-f75cf1eec38b/go.mod h1:oPkhp1MJrh7nUepCBck5+mAzfO9JrbApNNgaTdGDITg=
golang.org/x/sys v0.25.1-0.20240909193319-d58f986c8984 h1:xtdnIegXM/7izPM5QWyZ7Lkes7Z4sMolV3wux1ROPOA=
golang.org/x/sys v0.25.1-0.20240909193319-d58f986c8984/go.mod h1:/VUhepiaJMQUp4+oa/7Zr1D23ma6VTLIYjOOTFZPUcA=
golang.org/x/term v0.0.0-20201126162022-7de9c90e9dd1/go.mod h1:bj7SfCRtBDWHUb9snDiAeCFNEtKQo2Wmx5Cou7ajbmo=
golang.org/x/text v0.3.0/go.mod h1:NqM8EUOU14njkJ3fqMW+pc6Ldnwhi/IjpwHt7yyuwOQ=
golang.org/x/text v0.3.3/go.mod h1:5Zoc/QRtKVWzQhOtBMvqHzDpF6irO9z98xDceosuGiQ=
golang.org/x/text v0.18.1-0.20240911022905-38a95c2d4a4b h1:38Gqg8PCo0sU3z2q3J3rkE2y2T0apvnQZOnZdRVb1eU=
golang.org/x/text v0.18.1-0.20240911022905-38a95c2d4a4b/go.mod h1:BuEKDfySbSR4drPmRPG/7iBdf8hvFMuRexcpahXilzY=
golang.org/x/time v0.6.0 h1:eTDhh4ZXt5Qf0augr54TN6suAUudPcawVZeIAPU7D4U=
golang.org/x/time v0.6.0/go.mod h1:3BpzKBy/shNhVucY/MWOyx10tF3SFh9QdLuxbVysPQM=
golang.org/x/tools v0.0.0-20180917221912-90fa682c2a6e/go.mod h1:n7NCudcB/nEzxVGmLbDWY5pfWTLqBcC2KZ6jyYvM4mQ=
golang.org/x/tools v0.0.0-20191119224855-298f0cb1881e/go.mod h1:b+2E5dAYhXwXZwtnZ6UAqBI28+e2cm9otk0dWdXHAEo=
golang.org/x/tools v0.1.1/go.mod h1:o0xws9oXOQQZyjljx8fwUC0k7L1pTE6eaCbjGeHmOkk=
golang.org/x/tools v0.25.1-0.20240913183314-91d4bdb347ba h1:7YKE5iQwbKeDsSPGhOjb4QSSh6f8AWinkLKaiH0gYi4=
golang.org/x/tools v0.25.1-0.20240913183314-91d4bdb347ba/go.mod h1:/vtpO8WL1N9cQC3FN5zPqb//fRXskFHbLKk4OW1Q7rg=
golang.org/x/xerrors v0.0.0-20190717185122-a985d3407aa7/go.mod h1:I/5z698sn9Ka8TeJc9MKroUUfqBBauWjQqLJ2OPfmY0=
golang.org/x/xerrors v0.0.0-20191011141410-1b5146add898/go.mod h1:I/5z698sn9Ka8TeJc9MKroUUfqBBauWjQqLJ2OPfmY0=
golang.org/x/xerrors v0.0.0-20200804184101-5ec99f83aff1/go.mod h1:I/5z698sn9Ka8TeJc9MKroUUfqBBauWjQqLJ2OPfmY0=
golang.org/x/xerrors v0.0.0-20240903120638-7835f813f4da h1:noIWHXmPHxILtqtCOPIhSt0ABwskkZKjD3bXGnZGpNY=
golang.org/x/xerrors v0.0.0-20240903120638-7835f813f4da/go.mod h1:NDW/Ps6MPRej6fsCIbMTohpP40sJ/P/vI1MoTEGwX90=
google.golang.org/genproto/googleapis/rpc v0.0.0-20240903143218-8af14fe29dc1 h1:pPJltXNxVzT4pK9yD8vR9X75DaWYYmLGMsEvBfFQZzQ=
google.golang.org/genproto/googleapis/rpc v0.0.0-20240903143218-8af14fe29dc1/go.mod h1:UqMtugtsSgubUsoxbuAoiCXvqvErP7Gf0so0mK9tHxU=
google.golang.org/grpc v1.68.0-dev.0.20240913164237-31ffeeeb001c h1:tFNmmjDvM/YDcvW9GfW6CZiYCguDsCfylTIR/Lq4+CY=
google.golang.org/grpc v1.68.0-dev.0.20240913164237-31ffeeeb001c/go.mod h1:2RINgKHklVDGHlkF/BfDsmIw0xdarBnd0YM+g7Fc0Fk=
google.golang.org/protobuf v1.34.3-0.20240906163944-03df6c145d96 h1:gqpvySYmKe3qf25lfA3WIEMTXBU+lfISbNkPH2BA844=
google.golang.org/protobuf v1.34.3-0.20240906163944-03df6c145d96/go.mod h1:9fA7Ob0pmnwhb644+1+CVWFRbNajQ6iRojtC/QF5bRE=
gopkg.in/DataDog/dd-trace-go.v1 v1.68.0-rc.2 h1:EVPVNIE/pORPQ8i1lS1IzrvA9rWw3ZPoKAATqkLlAqE=
gopkg.in/DataDog/dd-trace-go.v1 v1.68.0-rc.2/go.mod h1:mkZpWVLO/ERW5NqlW+w5d8waQKNvMSTUQLJfoI0vlvw=
gopkg.in/check.v1 v0.0.0-20161208181325-20d25e280405/go.mod h1:Co6ibVJAznAaIkqp8huTwlJQCZ016jof/cbN4VW5Yz0=
gopkg.in/check.v1 v1.0.0-20201130134442-10cb98267c6c h1:Hei/4ADfdWqJk1ZMxUNpqntNwaWcugrBjAiHlqqRiVk=
gopkg.in/check.v1 v1.0.0-20201130134442-10cb98267c6c/go.mod h1:JHkPIbrfpd72SG/EVd6muEfDQjcINNoR0C8j2r3qZ4Q=
gopkg.in/yaml.v2 v2.2.8/go.mod h1:hI93XBmqTisBFMUTm0b8Fm+jr3Dg1NNxqwp+5A1VGuI=
gopkg.in/yaml.v2 v2.4.0 h1:D8xgwECY7CYvx+Y2n4sBz93Jn9JRvxdiyyo8CTfuKaY=
gopkg.in/yaml.v2 v2.4.0/go.mod h1:RDklbk79AGWmwhnvt/jBztapEOGDOx6ZbXqjP6csGnQ=
gopkg.in/yaml.v3 v3.0.0-20200313102051-9f266ea9e77c/go.mod h1:K4uyk7z7BCEPqu6E+C64Yfv1cQ7kz7rIZviUmN+EgEM=
gopkg.in/yaml.v3 v3.0.1 h1:fxVm/GzAzEWqLHuvctI91KS9hhNmmWOoWu0XTYJS7CA=
gopkg.in/yaml.v3 v3.0.1/go.mod h1:K4uyk7z7BCEPqu6E+C64Yfv1cQ7kz7rIZviUmN+EgEM=
lukechampine.com/uint128 v1.3.0 h1:cDdUVfRwDUDovz610ABgFD17nXD4/uDgVHl2sC3+sbo=
lukechampine.com/uint128 v1.3.0/go.mod h1:c4eWIwlEGaxC/+H1VguhU4PHXNWDCDMUlWdIWl2j1gk=
modernc.org/cc/v3 v3.41.0 h1:QoR1Sn3YWlmA1T4vLaKZfawdVtSiGx8H+cEojbC7v1Q=
modernc.org/cc/v3 v3.41.0/go.mod h1:Ni4zjJYJ04CDOhG7dn640WGfwBzfE0ecX8TyMB0Fv0Y=
modernc.org/ccgo/v3 v3.16.15 h1:KbDR3ZAVU+wiLyMESPtbtE/Add4elztFyfsWoNTgxS0=
modernc.org/ccgo/v3 v3.16.15/go.mod h1:yT7B+/E2m43tmMOT51GMoM98/MtHIcQQSleGnddkUNI=
modernc.org/libc v1.37.6 h1:orZH3c5wmhIQFTXF+Nt+eeauyd+ZIt2BX6ARe+kD+aw=
modernc.org/libc v1.37.6/go.mod h1:YAXkAZ8ktnkCKaN9sw/UDeUVkGYJ/YquGO4FTi5nmHE=
modernc.org/mathutil v1.6.0 h1:fRe9+AmYlaej+64JsEEhoWuAYBkOtQiMEU7n/XgfYi4=
modernc.org/mathutil v1.6.0/go.mod h1:Ui5Q9q1TR2gFm0AQRqQUaBWFLAhQpCwNcuhBOSedWPo=
modernc.org/memory v1.7.2 h1:Klh90S215mmH8c9gO98QxQFsY+W451E8AnzjoE2ee1E=
modernc.org/memory v1.7.2/go.mod h1:NO4NVCQy0N7ln+T9ngWqOQfi7ley4vpwvARR+Hjw95E=
modernc.org/opt v0.1.3 h1:3XOZf2yznlhC+ibLltsDGzABUGVx8J6pnFMS3E4dcq4=
modernc.org/opt v0.1.3/go.mod h1:WdSiB5evDcignE70guQKxYUl14mgWtbClRi5wmkkTX0=
modernc.org/sqlite v1.28.0 h1:Zx+LyDDmXczNnEQdvPuEfcFVA2ZPyaD7UCZDjef3BHQ=
modernc.org/sqlite v1.28.0/go.mod h1:Qxpazz0zH8Z1xCFyi5GSL3FzbtZ3fvbjmywNogldEW0=
modernc.org/strutil v1.2.0 h1:agBi9dp1I+eOnxXeiZawM8F4LawKv4NzGWSaLfyeNZA=
modernc.org/strutil v1.2.0/go.mod h1:/mdcBmfOibveCTBxUl5B5l6W+TTH1FXPLHZE6bTosX0=
modernc.org/token v1.1.0 h1:Xl7Ap9dKaEs5kLoOQeQmPWevfnk/DM5qcLcYlA8ys6Y=
modernc.org/token v1.1.0/go.mod h1:UGzOrNV1mAFSEB63lOFHIpNRUVMvYTc6yu1SMY/XTDM=
